
Microsoft Visual Studio Solution File, Format Version 12.00
# Visual Studio Version 17
VisualStudioVersion = 17.3.32929.385
MinimumVisualStudioVersion = 10.0.40219.1
Project("{FAE04EC0-301F-11D3-BF4B-00C04F79EFBC}") = "WebApplication1670_", "WebApplication1670_\WebApplication1670_.csproj", "{2C29C7B2-3E99-4519-B43A-C5487D68226C}"
EndProject
Global
	GlobalSection(SolutionConfigurationPlatforms) = preSolution
		Debug|Any CPU = Debug|Any CPU
		Release|Any CPU = Release|Any CPU
	EndGlobalSection
	GlobalSection(ProjectConfigurationPlatforms) = postSolution
		{2C29C7B2-3E99-4519-B43A-C5487D68226C}.Debug|Any CPU.ActiveCfg = Debug|Any CPU
		{2C29C7B2-3E99-4519-B43A-C5487D68226C}.Debug|Any CPU.Build.0 = Debug|Any CPU
		{2C29C7B2-3E99-4519-B43A-C5487D68226C}.Release|Any CPU.ActiveCfg = Release|Any CPU
		{2C29C7B2-3E99-4519-B43A-C5487D68226C}.Release|Any CPU.Build.0 = Release|Any CPU
	EndGlobalSection
	GlobalSection(SolutionProperties) = preSolution
		HideSolutionNode = FALSE
	EndGlobalSection
	GlobalSection(ExtensibilityGlobals) = postSolution
		SolutionGuid = {C72E3DA4-5F46-4593-BDDB-2EA9B11EF770}
	EndGlobalSection
EndGlobal
